schema: '2.0'
stages:
  import_data:
    cmd: python src/data/import_raw_data.py
    deps:
    - path: src/data/import_raw_data.py
      hash: md5
      md5: 8797bc5a68af1264553b646b97a99166
      size: 1905
    outs:
    - path: data/raw/
      hash: md5
      md5: 90c3e04bb8fa1558eb70f9096b5b6010.dir
      size: 31082914
      nfiles: 4
  preprocess:
    cmd: python src/data/make_dataset.py ./data/raw ./data/preprocessed
    deps:
    - path: data/raw/
      hash: md5
      md5: 90c3e04bb8fa1558eb70f9096b5b6010.dir
      size: 31082914
      nfiles: 4
    - path: src/data/make_dataset.py
      hash: md5
      md5: 1ea8ee18a30edcae9dbae346d595ab5c
      size: 7332
    outs:
    - path: data/preprocessed/X_test.csv
      hash: md5
      md5: 984b7f6c56e32ae00e0533e1f3fd6e59
      size: 1732263
    - path: data/preprocessed/y_test.csv
      hash: md5
      md5: 83061f3f8b1b8fcaf00638d1c89fae7d
      size: 32825
  train:
    cmd: python src/models/train_model.py
    deps:
    - path: data/preprocessed/X_test.csv
      hash: md5
      md5: 984b7f6c56e32ae00e0533e1f3fd6e59
      size: 1732263
    - path: data/preprocessed/X_train.csv
      hash: md5
      md5: 6d44bdbd3da74801a34d3947b412bd71
      size: 4040600
    - path: data/preprocessed/y_test.csv
      hash: md5
      md5: 83061f3f8b1b8fcaf00638d1c89fae7d
      size: 32825
    - path: data/preprocessed/y_train.csv
      hash: md5
      md5: 4201106fa338c961187a0653ac139046
      size: 76581
    - path: src/models/train_model.py
      hash: md5
      md5: 63b47b5c62ace71be87e5646506b4c80
      size: 3021
    outs:
    - path: src/models/trained_model.joblib
      hash: md5
      md5: 1ab8c7399b09deda6ab48e8247534583
      size: 107147161
  predict:
    cmd: python src/models/predict_model.py src/models/test_features.json
    deps:
    - path: src/models/predict_model.py
      hash: md5
      md5: 0865c14ab86190b860ea5b7434b2b993
      size: 984
    - path: src/models/prod_model.joblib
      hash: md5
      md5: 865b3496eed44020c89189c4db0b0bad
      size: 106824009
    - path: src/models/test_features.json
      hash: md5
      md5: da7449d023f76bc18381d56e16f7737f
      size: 374
  evaluate:
    cmd: python src/models/evaluate_model.py
    deps:
    - path: data/preprocessed/X_test.csv
      hash: md5
      md5: 984b7f6c56e32ae00e0533e1f3fd6e59
      size: 1732263
    - path: data/preprocessed/y_test.csv
      hash: md5
      md5: 83061f3f8b1b8fcaf00638d1c89fae7d
      size: 32825
    - path: src/models/trained_model.joblib
      hash: md5
      md5: 1ab8c7399b09deda6ab48e8247534583
      size: 107147161
    outs:
    - path: src/models/prod_model.joblib
      hash: md5
      md5: 1ab8c7399b09deda6ab48e8247534583
      size: 107147161
